
Microsoft Visual Studio Solution File, Format Version 12.00
# Visual Studio Version 16
VisualStudioVersion = 16.0.31321.278
MinimumVisualStudioVersion = 10.0.40219.1
Project("{9A19103F-16F7-4668-BE54-9A1E7A4F7556}") = "TestHistoriasClinicas", "TestHistoriasClinicas.csproj", "{4FEE5A27-F806-4187-BB18-C2C012C700AD}"
EndProject
Global
	GlobalSection(SolutionConfigurationPlatforms) = preSolution
		Debug|Any CPU = Debug|Any CPU
		Release|Any CPU = Release|Any CPU
	EndGlobalSection
	GlobalSection(ProjectConfigurationPlatforms) = postSolution
		{4FEE5A27-F806-4187-BB18-C2C012C700AD}.Debug|Any CPU.ActiveCfg = Debug|Any CPU
		{4FEE5A27-F806-4187-BB18-C2C012C700AD}.Debug|Any CPU.Build.0 = Debug|Any CPU
		{4FEE5A27-F806-4187-BB18-C2C012C700AD}.Release|Any CPU.ActiveCfg = Release|Any CPU
		{4FEE5A27-F806-4187-BB18-C2C012C700AD}.Release|Any CPU.Build.0 = Release|Any CPU
	EndGlobalSection
	GlobalSection(SolutionProperties) = preSolution
		HideSolutionNode = FALSE
	EndGlobalSection
	GlobalSection(ExtensibilityGlobals) = postSolution
		SolutionGuid = {FE04FCF6-4811-4774-8856-78DF722E08DA}
	EndGlobalSection
EndGlobal
